
Microsoft Visual Studio Solution File, Format Version 12.00
# Visual Studio Version 17
VisualStudioVersion = 17.0.32126.317
MinimumVisualStudioVersion = 10.0.40219.1
Project("{9A19103F-16F7-4668-BE54-9A1E7A4F7556}") = "SubscriberAdmin", "SubscriberAdmin\SubscriberAdmin.csproj", "{4AFC4E34-7066-43B1-898A-05E752B38C66}"
EndProject
Project("{2150E333-8FDC-42A3-9474-1A3956D46DE8}") = "Solution Items", "Solution Items", "{934BBF1E-18D6-4462-986B-14E5F8A7C1E7}"
	ProjectSection(SolutionItems) = preProject
		README.md = README.md
	EndProjectSection
EndProject
Global
	GlobalSection(SolutionConfigurationPlatforms) = preSolution
		Debug|Any CPU = Debug|Any CPU
		Release|Any CPU = Release|Any CPU
	EndGlobalSection
	GlobalSection(ProjectConfigurationPlatforms) = postSolution
		{4AFC4E34-7066-43B1-898A-05E752B38C66}.Debug|Any CPU.ActiveCfg = Debug|Any CPU
		{4AFC4E34-7066-43B1-898A-05E752B38C66}.Debug|Any CPU.Build.0 = Debug|Any CPU
		{4AFC4E34-7066-43B1-898A-05E752B38C66}.Release|Any CPU.ActiveCfg = Release|Any CPU
		{4AFC4E34-7066-43B1-898A-05E752B38C66}.Release|Any CPU.Build.0 = Release|Any CPU
	EndGlobalSection
	GlobalSection(SolutionProperties) = preSolution
		HideSolutionNode = FALSE
	EndGlobalSection
	GlobalSection(ExtensibilityGlobals) = postSolution
		SolutionGuid = {98B995EC-09A5-49B1-91CF-1432AD9E21F4}
	EndGlobalSection
EndGlobal
